{
  "name": "wsec",
  "version": "1.0.1",
  "lockfileVersion": 1,
  "requires": true,
  "dependencies": {
    "http-headers": {
      "version": "3.0.2",
      "resolved": "https://registry.npmjs.org/http-headers/-/http-headers-3.0.2.tgz",
      "integrity": "sha512-87E1I+2Wg4dxxz4rcxElo3dxO/w1ZtgL1yA0Sb6vH3qU16vRKq1NjWQv9SCY3ly2OQROcoxHZOUpmelS+k6wOw==",
      "requires": {
        "next-line": "^1.1.0"
      }
    },
    "next-line": {
      "version": "1.1.0",
      "resolved": "https://registry.npmjs.org/next-line/-/next-line-1.1.0.tgz",
      "integrity": "sha1-/K5XhTBStqm66CCOQN19PC0wRgM="
    }
  }
}
